
Microsoft Visual Studio Solution File, Format Version 12.00
# Visual Studio Version 17
VisualStudioVersion = 17.8.34330.188
MinimumVisualStudioVersion = 10.0.40219.1
Project("{2150E333-8FDC-42A3-9474-1A3956D46DE8}") = "FrontEnd", "FrontEnd", "{4CEB0CCC-50C0-4944-A3DE-89A268BEE591}"
EndProject
Project("{2150E333-8FDC-42A3-9474-1A3956D46DE8}") = "GateWay", "GateWay", "{77932371-CCE4-42E5-AE54-57552B22C4B9}"
EndProject
Project("{2150E333-8FDC-42A3-9474-1A3956D46DE8}") = "Integration", "Integration", "{DA3C3D72-E203-4D22-A338-E12B283123EF}"
EndProject
Project("{2150E333-8FDC-42A3-9474-1A3956D46DE8}") = "Services", "Services", "{D3D7F932-7544-446B-92CC-C933295B8487}"
EndProject
Project("{9A19103F-16F7-4668-BE54-9A1E7A4F7556}") = "Restaurant.Services.CouponAPI", "Services\Restaurant.Services.CouponAPI\Restaurant.Services.CouponAPI.csproj", "{ADF737F5-AEC2-4B1F-911A-97A3BA068175}"
EndProject
Project("{9A19103F-16F7-4668-BE54-9A1E7A4F7556}") = "Restaurant.Integration.Domain", "Integration\Restaurant.Integration.Domain\Restaurant.Integration.Domain.csproj", "{1B3E92DC-8798-43A2-83AC-83728146FEE5}"
EndProject
Project("{9A19103F-16F7-4668-BE54-9A1E7A4F7556}") = "Restaurant.Web", "FrontEnd\Restaurant.Web\Restaurant.Web.csproj", "{3BF474BB-DE49-4F55-83DE-AFFAD56D3C33}"
EndProject
Project("{FAE04EC0-301F-11D3-BF4B-00C04F79EFBC}") = "Restaurant.Services.AuthAPI", "Services\Restaurant.Services.AuthAPI\Restaurant.Services.AuthAPI.csproj", "{7B8A3868-3889-476D-8121-6393AB9C0956}"
EndProject
Project("{FAE04EC0-301F-11D3-BF4B-00C04F79EFBC}") = "Restaurant.Integration.Application", "Integration\Restaurant.Integration.Application\Restaurant.Integration.Application.csproj", "{7394F316-B64A-4CA6-B6C5-52646D5CA859}"
EndProject
Global
	GlobalSection(SolutionConfigurationPlatforms) = preSolution
		Debug|Any CPU = Debug|Any CPU
		Release|Any CPU = Release|Any CPU
	EndGlobalSection
	GlobalSection(ProjectConfigurationPlatforms) = postSolution
		{ADF737F5-AEC2-4B1F-911A-97A3BA068175}.Debug|Any CPU.ActiveCfg = Debug|Any CPU
		{ADF737F5-AEC2-4B1F-911A-97A3BA068175}.Debug|Any CPU.Build.0 = Debug|Any CPU
		{ADF737F5-AEC2-4B1F-911A-97A3BA068175}.Release|Any CPU.ActiveCfg = Release|Any CPU
		{ADF737F5-AEC2-4B1F-911A-97A3BA068175}.Release|Any CPU.Build.0 = Release|Any CPU
		{1B3E92DC-8798-43A2-83AC-83728146FEE5}.Debug|Any CPU.ActiveCfg = Debug|Any CPU
		{1B3E92DC-8798-43A2-83AC-83728146FEE5}.Debug|Any CPU.Build.0 = Debug|Any CPU
		{1B3E92DC-8798-43A2-83AC-83728146FEE5}.Release|Any CPU.ActiveCfg = Release|Any CPU
		{1B3E92DC-8798-43A2-83AC-83728146FEE5}.Release|Any CPU.Build.0 = Release|Any CPU
		{3BF474BB-DE49-4F55-83DE-AFFAD56D3C33}.Debug|Any CPU.ActiveCfg = Debug|Any CPU
		{3BF474BB-DE49-4F55-83DE-AFFAD56D3C33}.Debug|Any CPU.Build.0 = Debug|Any CPU
		{3BF474BB-DE49-4F55-83DE-AFFAD56D3C33}.Release|Any CPU.ActiveCfg = Release|Any CPU
		{3BF474BB-DE49-4F55-83DE-AFFAD56D3C33}.Release|Any CPU.Build.0 = Release|Any CPU
		{7B8A3868-3889-476D-8121-6393AB9C0956}.Debug|Any CPU.ActiveCfg = Debug|Any CPU
		{7B8A3868-3889-476D-8121-6393AB9C0956}.Debug|Any CPU.Build.0 = Debug|Any CPU
		{7B8A3868-3889-476D-8121-6393AB9C0956}.Release|Any CPU.ActiveCfg = Release|Any CPU
		{7B8A3868-3889-476D-8121-6393AB9C0956}.Release|Any CPU.Build.0 = Release|Any CPU
		{7394F316-B64A-4CA6-B6C5-52646D5CA859}.Debug|Any CPU.ActiveCfg = Debug|Any CPU
		{7394F316-B64A-4CA6-B6C5-52646D5CA859}.Debug|Any CPU.Build.0 = Debug|Any CPU
		{7394F316-B64A-4CA6-B6C5-52646D5CA859}.Release|Any CPU.ActiveCfg = Release|Any CPU
		{7394F316-B64A-4CA6-B6C5-52646D5CA859}.Release|Any CPU.Build.0 = Release|Any CPU
	EndGlobalSection
	GlobalSection(SolutionProperties) = preSolution
		HideSolutionNode = FALSE
	EndGlobalSection
	GlobalSection(NestedProjects) = preSolution
		{ADF737F5-AEC2-4B1F-911A-97A3BA068175} = {D3D7F932-7544-446B-92CC-C933295B8487}
		{1B3E92DC-8798-43A2-83AC-83728146FEE5} = {DA3C3D72-E203-4D22-A338-E12B283123EF}
		{3BF474BB-DE49-4F55-83DE-AFFAD56D3C33} = {4CEB0CCC-50C0-4944-A3DE-89A268BEE591}
		{7B8A3868-3889-476D-8121-6393AB9C0956} = {D3D7F932-7544-446B-92CC-C933295B8487}
		{7394F316-B64A-4CA6-B6C5-52646D5CA859} = {DA3C3D72-E203-4D22-A338-E12B283123EF}
	EndGlobalSection
	GlobalSection(ExtensibilityGlobals) = postSolution
		SolutionGuid = {7FB56A12-70AC-4305-B095-C74922572C5A}
	EndGlobalSection
EndGlobal
